
Microsoft Visual Studio Solution File, Format Version 12.00
# Visual Studio 15
VisualStudioVersion = 15.0.27004.2002
MinimumVisualStudioVersion = 10.0.40219.1
Project("{FAE04EC0-301F-11D3-BF4B-00C04F79EFBC}") = "WebAppAuctionSystem", "WebAppAuctionSystem\WebAppAuctionSystem.csproj", "{322505AC-94C6-49D0-BC3A-F2EDA1C5AC8B}"
EndProject
Global
	GlobalSection(SolutionConfigurationPlatforms) = preSolution
		Debug|Any CPU = Debug|Any CPU
		Release|Any CPU = Release|Any CPU
	EndGlobalSection
	GlobalSection(ProjectConfigurationPlatforms) = postSolution
		{322505AC-94C6-49D0-BC3A-F2EDA1C5AC8B}.Debug|Any CPU.ActiveCfg = Debug|Any CPU
		{322505AC-94C6-49D0-BC3A-F2EDA1C5AC8B}.Debug|Any CPU.Build.0 = Debug|Any CPU
		{322505AC-94C6-49D0-BC3A-F2EDA1C5AC8B}.Release|Any CPU.ActiveCfg = Release|Any CPU
		{322505AC-94C6-49D0-BC3A-F2EDA1C5AC8B}.Release|Any CPU.Build.0 = Release|Any CPU
	EndGlobalSection
	GlobalSection(SolutionProperties) = preSolution
		HideSolutionNode = FALSE
	EndGlobalSection
	GlobalSection(ExtensibilityGlobals) = postSolution
		SolutionGuid = {8F8B11A8-36E9-440A-8379-2998FE2E6000}
	EndGlobalSection
EndGlobal
